<?xml version="1.0" encoding="utf-8"?>
<Project ToolsVersion="17.0" xmlns="http://schemas.microsoft.com/developer/msbuild/2003">
  <ItemGroup>
    <ClCompile Include="D:\DirectX11-With-Windows-SDK-master\Project 19-\25 Normal Mapping\BasicEffect.cpp">
      <Filter>Source Files</Filter>
    </ClCompile>
    <ClCompile Include="D:\DirectX11-With-Windows-SDK-master\Project 19-\25 Normal Mapping\GameApp.cpp">
      <Filter>Source Files</Filter>
    </ClCompile>
    <ClCompile Include="D:\DirectX11-With-Windows-SDK-master\Project 19-\25 Normal Mapping\Main.cpp">
      <Filter>Source Files</Filter>
    </ClCompile>
    <ClCompile Include="D:\DirectX11-With-Windows-SDK-master\Project 19-\25 Normal Mapping\SkyboxEffect.cpp">
      <Filter>Source Files</Filter>
    </ClCompile>
  </ItemGroup>
  <ItemGroup>
    <ClInclude Include="D:\DirectX11-With-Windows-SDK-master\Project 19-\25 Normal Mapping\Effects.h">
      <Filter>Header Files</Filter>
    </ClInclude>
    <ClInclude Include="D:\DirectX11-With-Windows-SDK-master\Project 19-\25 Normal Mapping\GameApp.h">
      <Filter>Header Files</Filter>
    </ClInclude>
  </ItemGroup>
  <ItemGroup>
    <CustomBuild Include="D:\DirectX11-With-Windows-SDK-master\Project 19-\25 Normal Mapping\CMakeLists.txt" />
  </ItemGroup>
  <ItemGroup>
    <FXCompile Include="D:\DirectX11-With-Windows-SDK-master\Project 19-\25 Normal Mapping\Shaders\Basic_PS.hlsl">
      <Filter>Shaders</Filter>
    </FXCompile>
    <FXCompile Include="D:\DirectX11-With-Windows-SDK-master\Project 19-\25 Normal Mapping\Shaders\Basic_VS.hlsl">
      <Filter>Shaders</Filter>
    </FXCompile>
    <FXCompile Include="D:\DirectX11-With-Windows-SDK-master\Project 19-\25 Normal Mapping\Shaders\NormalMap_PS.hlsl">
      <Filter>Shaders</Filter>
    </FXCompile>
    <FXCompile Include="D:\DirectX11-With-Windows-SDK-master\Project 19-\25 Normal Mapping\Shaders\NormalMap_VS.hlsl">
      <Filter>Shaders</Filter>
    </FXCompile>
    <FXCompile Include="D:\DirectX11-With-Windows-SDK-master\Project 19-\25 Normal Mapping\Shaders\Skybox_PS.hlsl">
      <Filter>Shaders</Filter>
    </FXCompile>
    <FXCompile Include="D:\DirectX11-With-Windows-SDK-master\Project 19-\25 Normal Mapping\Shaders\Skybox_VS.hlsl">
      <Filter>Shaders</Filter>
    </FXCompile>
  </ItemGroup>
  <ItemGroup>
    <None Include="D:\DirectX11-With-Windows-SDK-master\Project 19-\25 Normal Mapping\Shaders\Basic.hlsli">
      <Filter>Shaders</Filter>
    </None>
    <None Include="D:\DirectX11-With-Windows-SDK-master\Project 19-\25 Normal Mapping\Shaders\LightHelper.hlsli">
      <Filter>Shaders</Filter>
    </None>
    <None Include="D:\DirectX11-With-Windows-SDK-master\Project 19-\25 Normal Mapping\Shaders\Skybox.hlsli">
      <Filter>Shaders</Filter>
    </None>
  </ItemGroup>
  <ItemGroup>
    <Filter Include="Header Files">
      <UniqueIdentifier>{2DF6E072-04CC-378D-B4E7-70C6D38E541C}</UniqueIdentifier>
    </Filter>
    <Filter Include="Shaders">
      <UniqueIdentifier>{E27F5494-7520-3E77-9CD7-1A26BB5758A7}</UniqueIdentifier>
    </Filter>
    <Filter Include="Source Files">
      <UniqueIdentifier>{6B296392-BDB5-38FC-9D6B-A27F4A7CA03A}</UniqueIdentifier>
    </Filter>
  </ItemGroup>
</Project>
