<?xml version="1.0" encoding="utf-8"?>
<Project ToolsVersion="17.0" xmlns="http://schemas.microsoft.com/developer/msbuild/2003">
  <ItemGroup>
    <CustomBuild Include="D:\DirectX11-With-Windows-SDK-master\build\CMakeFiles\7bb12d995662460a863661ebf721f33b\INSTALL_force.rule">
      <Filter>CMake Rules</Filter>
    </CustomBuild>
  </ItemGroup>
  <ItemGroup>
    <Filter Include="CMake Rules">
      <UniqueIdentifier>{BE4A7936-57FD-3126-9F16-73D7999F7AF2}</UniqueIdentifier>
    </Filter>
  </ItemGroup>
</Project>
